
Microsoft Visual Studio Solution File, Format Version 12.00
Project("{FAE04EC0-301F-11D3-BF4B-00C04F79EFBC}") = "WebApplication1", "WebApplication1\WebApplication1.csproj", "{9DD8DA0B-0B3C-4CFB-95D3-F10A9EA15848}"
EndProject
Project("{FAE04EC0-301F-11D3-BF4B-00C04F79EFBC}") = "WebApplication1.test", "WebApplication1.test\WebApplication1.test.csproj", "{05E0B9CB-CC0B-4D88-8AF1-8F91F23B92D4}"
EndProject
Global
	GlobalSection(SolutionConfigurationPlatforms) = preSolution
		Debug|Any CPU = Debug|Any CPU
		Release|Any CPU = Release|Any CPU
	EndGlobalSection
	GlobalSection(ProjectConfigurationPlatforms) = postSolution
		{9DD8DA0B-0B3C-4CFB-95D3-F10A9EA15848}.Debug|Any CPU.ActiveCfg = Debug|Any CPU
		{9DD8DA0B-0B3C-4CFB-95D3-F10A9EA15848}.Debug|Any CPU.Build.0 = Debug|Any CPU
		{9DD8DA0B-0B3C-4CFB-95D3-F10A9EA15848}.Release|Any CPU.ActiveCfg = Release|Any CPU
		{9DD8DA0B-0B3C-4CFB-95D3-F10A9EA15848}.Release|Any CPU.Build.0 = Release|Any CPU
		{05E0B9CB-CC0B-4D88-8AF1-8F91F23B92D4}.Debug|Any CPU.ActiveCfg = Debug|Any CPU
		{05E0B9CB-CC0B-4D88-8AF1-8F91F23B92D4}.Debug|Any CPU.Build.0 = Debug|Any CPU
		{05E0B9CB-CC0B-4D88-8AF1-8F91F23B92D4}.Release|Any CPU.ActiveCfg = Release|Any CPU
		{05E0B9CB-CC0B-4D88-8AF1-8F91F23B92D4}.Release|Any CPU.Build.0 = Release|Any CPU
	EndGlobalSection
EndGlobal
